{
  "version": "5",
  "specifiers": {
    "jsr:@david/console-static-text@0.3": "0.3.0",
    "jsr:@david/dax@*": "0.43.2",
    "jsr:@david/path@0.2": "0.2.0",
    "jsr:@david/which@~0.4.1": "0.4.1",
    "jsr:@radashi-org/radashi@*": "12.6.0",
    "jsr:@std/bytes@^1.0.5": "1.0.6",
    "jsr:@std/crypto@*": "1.0.5",
    "jsr:@std/fmt@1": "1.0.8",
    "jsr:@std/fs@*": "1.0.19",
    "jsr:@std/fs@1": "1.0.19",
    "jsr:@std/internal@^1.0.9": "1.0.10",
    "jsr:@std/io@0.225": "0.225.2",
    "jsr:@std/path@*": "1.1.1",
    "jsr:@std/path@1": "1.1.1",
    "jsr:@std/path@^1.1.1": "1.1.1",
    "npm:arktype@*": "2.1.20",
    "npm:consola@*": "3.4.2",
    "npm:cosmokit@*": "1.8.0",
    "npm:json5@*": "2.2.3"
  },
  "jsr": {
    "@david/console-static-text@0.3.0": {
      "integrity": "2dfb46ecee525755f7989f94ece30bba85bd8ffe3e8666abc1bf926e1ee0698d"
    },
    "@david/dax@0.43.2": {
      "integrity": "8c7df175465d994c0e3568e3eb91102768c2f1c86d2a513d7fc4cab13f9cb328",
      "dependencies": [
        "jsr:@david/console-static-text",
        "jsr:@david/path",
        "jsr:@david/which",
        "jsr:@std/fmt",
        "jsr:@std/fs@1",
        "jsr:@std/io",
        "jsr:@std/path@1"
      ]
    },
    "@david/path@0.2.0": {
      "integrity": "f2d7aa7f02ce5a55e27c09f9f1381794acb09d328f8d3c8a2e3ab3ffc294dccd",
      "dependencies": [
        "jsr:@std/fs@1",
        "jsr:@std/path@1"
      ]
    },
    "@david/which@0.4.1": {
      "integrity": "896a682b111f92ab866cc70c5b4afab2f5899d2f9bde31ed00203b9c250f225e"
    },
    "@radashi-org/radashi@12.6.0": {
      "integrity": "5f62c025dd37691453d44b1688192e8fbdacc4bbb58100f31d0d82db3655756b"
    },
    "@std/bytes@1.0.6": {
      "integrity": "f6ac6adbd8ccd99314045f5703e23af0a68d7f7e58364b47d2c7f408aeb5820a"
    },
    "@std/crypto@1.0.5": {
      "integrity": "0dcfbb319fe0bba1bd3af904ceb4f948cde1b92979ec1614528380ed308a3b40"
    },
    "@std/fmt@1.0.8": {
      "integrity": "71e1fc498787e4434d213647a6e43e794af4fd393ef8f52062246e06f7e372b7"
    },
    "@std/fs@1.0.19": {
      "integrity": "051968c2b1eae4d2ea9f79a08a3845740ef6af10356aff43d3e2ef11ed09fb06",
      "dependencies": [
        "jsr:@std/internal",
        "jsr:@std/path@^1.1.1"
      ]
    },
    "@std/internal@1.0.10": {
      "integrity": "e3be62ce42cab0e177c27698e5d9800122f67b766a0bea6ca4867886cbde8cf7"
    },
    "@std/io@0.225.2": {
      "integrity": "3c740cd4ee4c082e6cfc86458f47e2ab7cb353dc6234d5e9b1f91a2de5f4d6c7",
      "dependencies": [
        "jsr:@std/bytes"
      ]
    },
    "@std/path@1.1.1": {
      "integrity": "fe00026bd3a7e6a27f73709b83c607798be40e20c81dde655ce34052fd82ec76",
      "dependencies": [
        "jsr:@std/internal"
      ]
    }
  },
  "npm": {
    "@ark/schema@0.46.0": {
      "integrity": "sha512-c2UQdKgP2eqqDArfBqQIJppxJHvNNXuQPeuSPlDML4rjw+f1cu0qAlzOG4b8ujgm9ctIDWwhpyw6gjG5ledIVQ==",
      "dependencies": [
        "@ark/util"
      ]
    },
    "@ark/util@0.46.0": {
      "integrity": "sha512-JPy/NGWn/lvf1WmGCPw2VGpBg5utZraE84I7wli18EDF3p3zc/e9WolT35tINeZO3l7C77SjqRJeAUoT0CvMRg=="
    },
    "arktype@2.1.20": {
      "integrity": "sha512-IZCEEXaJ8g+Ijd59WtSYwtjnqXiwM8sWQ5EjGamcto7+HVN9eK0C4p0zDlCuAwWhpqr6fIBkxPuYDl4/Mcj/+Q==",
      "dependencies": [
        "@ark/schema",
        "@ark/util"
      ]
    },
    "consola@3.4.2": {
      "integrity": "sha512-5IKcdX0nnYavi6G7TtOhwkYzyjfJlatbjMjuLSfE2kYT5pMDOilZ4OvMhi637CcDICTmz3wARPoyhqyX1Y+XvA=="
    },
    "cosmokit@1.8.0": {
      "integrity": "sha512-iTnjvOdRKzmcZGSTamFW/pwlDLNBKkIEjk43Ew40YaxSayogY6OsCV40sSTb2dlvD3stR14bLh04qOoQZzX/0Q=="
    },
    "json5@2.2.3": {
      "integrity": "sha512-XmOWe7eyHYH14cLdVPoyg+GOH3rYX++KpzrylJwSW98t3Nk+U8XOl8FWKOgwtzdb8lXGf6zYwDUzeHMWfxasyg==",
      "bin": true
    }
  },
  "workspace": {
    "packageJson": {
      "dependencies": [
        "npm:@biomejs/biome@2.1.3",
        "npm:@fontsource/roboto@5.2.6",
        "npm:@mdi/font@7.4.47",
        "npm:@primevue/auto-import-resolver@^4.3.7",
        "npm:@tauri-apps/api@^2.7.0",
        "npm:@tauri-apps/cli@^2.7.1",
        "npm:@tauri-apps/plugin-dialog@2",
        "npm:@tsconfig/node22@22",
        "npm:@types/node@^22.9.0",
        "npm:@vitejs/plugin-vue@^5.2.3",
        "npm:@vue/tsconfig@0.7",
        "npm:@vueuse/core@^13.6.0",
        "npm:npm-run-all2@^7.0.2",
        "npm:oxlint@^1.9.0",
        "npm:pinia-plugin-persistedstate@^4.4.1",
        "npm:pinia@^3.0.3",
        "npm:rolldown-vite@latest",
        "npm:sass-embedded@^1.89.2",
        "npm:typescript@~5.8.3",
        "npm:unplugin-auto-import@^19.3.0",
        "npm:unplugin-fonts@^1.3.1",
        "npm:unplugin-vue-components@^28.8.0",
        "npm:unplugin-vue-router@0.14",
        "npm:vite-plugin-vue-layouts-next@1",
        "npm:vite-plugin-wasm@^3.5.0",
        "npm:vite-tsconfig-paths@^5.1.4",
        "npm:vue-router@^4.5.1",
        "npm:vue-tsc@^3.0.1",
        "npm:vue@^3.5.17",
        "npm:vuetify@^3.9.1",
        "npm:wasm-pack@~0.13.1"
      ]
    }
  }
}
